
Microsoft Visual Studio Solution File, Format Version 12.00
# Visual Studio Version 17
VisualStudioVersion = 17.8.34322.80
MinimumVisualStudioVersion = 10.0.40219.1
Project("{FAE04EC0-301F-11D3-BF4B-00C04F79EFBC}") = "Calculatrice", "Calculatrice\Calculatrice.csproj", "{CE5C5AB6-7797-4DE4-B719-D751B64752DC}"
EndProject
Global
	GlobalSection(SolutionConfigurationPlatforms) = preSolution
		Debug|Any CPU = Debug|Any CPU
		Release|Any CPU = Release|Any CPU
	EndGlobalSection
	GlobalSection(ProjectConfigurationPlatforms) = postSolution
		{CE5C5AB6-7797-4DE4-B719-D751B64752DC}.Debug|Any CPU.ActiveCfg = Debug|Any CPU
		{CE5C5AB6-7797-4DE4-B719-D751B64752DC}.Debug|Any CPU.Build.0 = Debug|Any CPU
		{CE5C5AB6-7797-4DE4-B719-D751B64752DC}.Release|Any CPU.ActiveCfg = Release|Any CPU
		{CE5C5AB6-7797-4DE4-B719-D751B64752DC}.Release|Any CPU.Build.0 = Release|Any CPU
	EndGlobalSection
	GlobalSection(SolutionProperties) = preSolution
		HideSolutionNode = FALSE
	EndGlobalSection
	GlobalSection(ExtensibilityGlobals) = postSolution
		SolutionGuid = {F874A36D-FFA1-48AD-94EE-B9B9564D91A1}
	EndGlobalSection
EndGlobal
